
Microsoft Visual Studio Solution File, Format Version 12.00
# Visual Studio Version 16
VisualStudioVersion = 16.0.30907.101
MinimumVisualStudioVersion = 10.0.40219.1
Project("{FAE04EC0-301F-11D3-BF4B-00C04F79EFBC}") = "Shop.UI", "Shop.UI\Shop.UI.csproj", "{ADC64B3F-56E2-49C5-B4C3-D5D329697DED}"
EndProject
Project("{FAE04EC0-301F-11D3-BF4B-00C04F79EFBC}") = "Shop.Domain", "Shop.Domain\Shop.Domain.csproj", "{14454E04-EFD4-45F2-B1F9-0E2F8CBDC91A}"
EndProject
Project("{FAE04EC0-301F-11D3-BF4B-00C04F79EFBC}") = "Shop.Service", "Shop.Service\Shop.Service.csproj", "{DFAD80D2-030A-4B86-821C-9D43728C1AC8}"
EndProject
Global
	GlobalSection(SolutionConfigurationPlatforms) = preSolution
		Debug|Any CPU = Debug|Any CPU
		Release|Any CPU = Release|Any CPU
	EndGlobalSection
	GlobalSection(ProjectConfigurationPlatforms) = postSolution
		{ADC64B3F-56E2-49C5-B4C3-D5D329697DED}.Debug|Any CPU.ActiveCfg = Debug|Any CPU
		{ADC64B3F-56E2-49C5-B4C3-D5D329697DED}.Debug|Any CPU.Build.0 = Debug|Any CPU
		{ADC64B3F-56E2-49C5-B4C3-D5D329697DED}.Release|Any CPU.ActiveCfg = Release|Any CPU
		{ADC64B3F-56E2-49C5-B4C3-D5D329697DED}.Release|Any CPU.Build.0 = Release|Any CPU
		{14454E04-EFD4-45F2-B1F9-0E2F8CBDC91A}.Debug|Any CPU.ActiveCfg = Debug|Any CPU
		{14454E04-EFD4-45F2-B1F9-0E2F8CBDC91A}.Debug|Any CPU.Build.0 = Debug|Any CPU
		{14454E04-EFD4-45F2-B1F9-0E2F8CBDC91A}.Release|Any CPU.ActiveCfg = Release|Any CPU
		{14454E04-EFD4-45F2-B1F9-0E2F8CBDC91A}.Release|Any CPU.Build.0 = Release|Any CPU
		{DFAD80D2-030A-4B86-821C-9D43728C1AC8}.Debug|Any CPU.ActiveCfg = Debug|Any CPU
		{DFAD80D2-030A-4B86-821C-9D43728C1AC8}.Debug|Any CPU.Build.0 = Debug|Any CPU
		{DFAD80D2-030A-4B86-821C-9D43728C1AC8}.Release|Any CPU.ActiveCfg = Release|Any CPU
		{DFAD80D2-030A-4B86-821C-9D43728C1AC8}.Release|Any CPU.Build.0 = Release|Any CPU
	EndGlobalSection
	GlobalSection(SolutionProperties) = preSolution
		HideSolutionNode = FALSE
	EndGlobalSection
	GlobalSection(ExtensibilityGlobals) = postSolution
		SolutionGuid = {1E4A3D9F-11DC-4F70-863A-D93AEEF59CC5}
	EndGlobalSection
EndGlobal
